// !$*UTF8*$!
{
	archiveVersion = 1;
	classes = {
	};
	objectVersion = 77;
	objects = {

/* Begin PBXContainerItemProxy section */
		9627FDDF2E61FBD0006E0431 /* PBXContainerItemProxy */ = {
			isa = PBXContainerItemProxy;
			containerPortal = 9627FDC92E61FBCF006E0431 /* Project object */;
			proxyType = 1;
			remoteGlobalIDString = 9627FDD02E61FBCF006E0431;
			remoteInfo = OptimaETA;
		};
		9627FDE92E61FBD0006E0431 /* PBXContainerItemProxy */ = {
			isa = PBXContainerItemProxy;
			containerPortal = 9627FDC92E61FBCF006E0431 /* Project object */;
			proxyType = 1;
			remoteGlobalIDString = 9627FDD02E61FBCF006E0431;
			remoteInfo = OptimaETA;
		};
/* End PBXContainerItemProxy section */

/* Begin PBXFileReference section */
		9627FDD12E61FBCF006E0431 /* OptimaETA.app */ = {isa = PBXFileReference; explicitFileType = wrapper.application; includeInIndex = 0; path = OptimaETA.app; sourceTree = BUILT_PRODUCTS_DIR; };
		9627FDDE2E61FBD0006E0431 /* OptimaETATests.xctest */ = {isa = PBXFileReference; explicitFileType = wrapper.cfbundle; includeInIndex = 0; path = OptimaETATests.xctest; sourceTree = BUILT_PRODUCTS_DIR; };
		9627FDE82E61FBD0006E0431 /* OptimaETAUITests.xctest */ = {isa = PBXFileReference; explicitFileType = wrapper.cfbundle; includeInIndex = 0; path = OptimaETAUITests.xctest; sourceTree = BUILT_PRODUCTS_DIR; };
		966CDDFE2E672D1E00A34329 /* CI_OptimaETA.xctestplan */ = {isa = PBXFileReference; lastKnownFileType = text; name = CI_OptimaETA.xctestplan; path = OptimaETATests/CI_OptimaETA.xctestplan; sourceTree = "<group>"; };
		967A141F2E672D6D00A87C3C /* Fast_OptimaETA.xctestplan */ = {isa = PBXFileReference; lastKnownFileType = text; path = Fast_OptimaETA.xctestplan; sourceTree = "<group>"; };
		96CF86EC2E672E0C0008C6E4 /* IntegrationTestPlan.xctestplan */ = {isa = PBXFileReference; lastKnownFileType = text; name = IntegrationTestPlan.xctestplan; path = OptimaETATests/IntegrationTestPlan.xctestplan; sourceTree = "<group>"; };
/* End PBXFileReference section */

/* Begin PBXFileSystemSynchronizedRootGroup section */
		9627FDD32E61FBCF006E0431 /* OptimaETA */ = {
			isa = PBXFileSystemSynchronizedRootGroup;
			path = OptimaETA;
			sourceTree = "<group>";
		};
		9627FDE12E61FBD0006E0431 /* OptimaETATests */ = {
			isa = PBXFileSystemSynchronizedRootGroup;
			path = OptimaETATests;
			sourceTree = "<group>";
		};
		9627FDEB2E61FBD0006E0431 /* OptimaETAUITests */ = {
			isa = PBXFileSystemSynchronizedRootGroup;
			path = OptimaETAUITests;
			sourceTree = "<group>";
		};
/* End PBXFileSystemSynchronizedRootGroup section */

/* Begin PBXFrameworksBuildPhase section */
		9627FDCE2E61FBCF006E0431 /* Frameworks */ = {
			isa = PBXFrameworksBuildPhase;
			buildActionMask = 2147483647;
			files = (
			);
			runOnlyForDeploymentPostprocessing = 0;
		};
		9627FDDB2E61FBD0006E0431 /* Frameworks */ = {
			isa = PBXFrameworksBuildPhase;
			buildActionMask = 2147483647;
			files = (
			);
			runOnlyForDeploymentPostprocessing = 0;
		};
		9627FDE52E61FBD0006E0431 /* Frameworks */ = {
			isa = PBXFrameworksBuildPhase;
			buildActionMask = 2147483647;
			files = (
			);
			runOnlyForDeploymentPostprocessing = 0;
		};
/* End PBXFrameworksBuildPhase section */

/* Begin PBXGroup section */
		9627FDC82E61FBCF006E0431 = {
			isa = PBXGroup;
			children = (
				96CF86EC2E672E0C0008C6E4 /* IntegrationTestPlan.xctestplan */,
				967A141F2E672D6D00A87C3C /* Fast_OptimaETA.xctestplan */,
				966CDDFE2E672D1E00A34329 /* CI_OptimaETA.xctestplan */,
				9627FDD32E61FBCF006E0431 /* OptimaETA */,
				9627FDE12E61FBD0006E0431 /* OptimaETATests */,
				9627FDEB2E61FBD0006E0431 /* OptimaETAUITests */,
				9627FDD22E61FBCF006E0431 /* Products */,
			);
			sourceTree = "<group>";
		};
		9627FDD22E61FBCF006E0431 /* Products */ = {
			isa = PBXGroup;
			children = (
				9627FDD12E61FBCF006E0431 /* OptimaETA.app */,
				9627FDDE2E61FBD0006E0431 /* OptimaETATests.xctest */,
				9627FDE82E61FBD0006E0431 /* OptimaETAUITests.xctest */,
			);
			name = Products;
			sourceTree = "<group>";
		};
/* End PBXGroup section */

/* Begin PBXNativeTarget section */
		9627FDD02E61FBCF006E0431 /* OptimaETA */ = {
			isa = PBXNativeTarget;
			buildConfigurationList = 9627FDF22E61FBD0006E0431 /* Build configuration list for PBXNativeTarget "OptimaETA" */;
			buildPhases = (
				9627FDCD2E61FBCF006E0431 /* Sources */,
				9627FDCE2E61FBCF006E0431 /* Frameworks */,
				9627FDCF2E61FBCF006E0431 /* Resources */,
			);
			buildRules = (
			);
			dependencies = (
			);
			fileSystemSynchronizedGroups = (
				9627FDD32E61FBCF006E0431 /* OptimaETA */,
			);
			name = OptimaETA;
			packageProductDependencies = (
			);
			productName = OptimaETA;
			productReference = 9627FDD12E61FBCF006E0431 /* OptimaETA.app */;
			productType = "com.apple.product-type.application";
		};
		9627FDDD2E61FBD0006E0431 /* OptimaETATests */ = {
			isa = PBXNativeTarget;
			buildConfigurationList = 9627FDF52E61FBD0006E0431 /* Build configuration list for PBXNativeTarget "OptimaETATests" */;
			buildPhases = (
				9627FDDA2E61FBD0006E0431 /* Sources */,
				9627FDDB2E61FBD0006E0431 /* Frameworks */,
				9627FDDC2E61FBD0006E0431 /* Resources */,
			);
			buildRules = (
			);
			dependencies = (
				9627FDE02E61FBD0006E0431 /* PBXTargetDependency */,
			);
			fileSystemSynchronizedGroups = (
				9627FDE12E61FBD0006E0431 /* OptimaETATests */,
			);
			name = OptimaETATests;
			packageProductDependencies = (
			);
			productName = OptimaETATests;
			productReference = 9627FDDE2E61FBD0006E0431 /* OptimaETATests.xctest */;
			productType = "com.apple.product-type.bundle.unit-test";
		};
		9627FDE72E61FBD0006E0431 /* OptimaETAUITests */ = {
			isa = PBXNativeTarget;
			buildConfigurationList = 9627FDF82E61FBD0006E0431 /* Build configuration list for PBXNativeTarget "OptimaETAUITests" */;
			buildPhases = (
				9627FDE42E61FBD0006E0431 /* Sources */,
				9627FDE52E61FBD0006E0431 /* Frameworks */,
				9627FDE62E61FBD0006E0431 /* Resources */,
			);
			buildRules = (
			);
			dependencies = (
				9627FDEA2E61FBD0006E0431 /* PBXTargetDependency */,
			);
			fileSystemSynchronizedGroups = (
				9627FDEB2E61FBD0006E0431 /* OptimaETAUITests */,
			);
			name = OptimaETAUITests;
			packageProductDependencies = (
			);
			productName = OptimaETAUITests;
			productReference = 9627FDE82E61FBD0006E0431 /* OptimaETAUITests.xctest */;
			productType = "com.apple.product-type.bundle.ui-testing";
		};
/* End PBXNativeTarget section */

/* Begin PBXProject section */
		9627FDC92E61FBCF006E0431 /* Project object */ = {
			isa = PBXProject;
			attributes = {
				BuildIndependentTargetsInParallel = 1;
				LastSwiftUpdateCheck = 1640;
				LastUpgradeCheck = 1640;
				TargetAttributes = {
					9627FDD02E61FBCF006E0431 = {
						CreatedOnToolsVersion = 16.4;
					};
					9627FDDD2E61FBD0006E0431 = {
						CreatedOnToolsVersion = 16.4;
						TestTargetID = 9627FDD02E61FBCF006E0431;
					};
					9627FDE72E61FBD0006E0431 = {
						CreatedOnToolsVersion = 16.4;
						TestTargetID = 9627FDD02E61FBCF006E0431;
					};
				};
			};
			buildConfigurationList = 9627FDCC2E61FBCF006E0431 /* Build configuration list for PBXProject "OptimaETA" */;
			developmentRegion = en;
			hasScannedForEncodings = 0;
			knownRegions = (
				en,
				Base,
			);
			mainGroup = 9627FDC82E61FBCF006E0431;
			minimizedProjectReferenceProxies = 1;
			preferredProjectObjectVersion = 77;
			productRefGroup = 9627FDD22E61FBCF006E0431 /* Products */;
			projectDirPath = "";
			projectRoot = "";
			targets = (
				9627FDD02E61FBCF006E0431 /* OptimaETA */,
				9627FDDD2E61FBD0006E0431 /* OptimaETATests */,
				9627FDE72E61FBD0006E0431 /* OptimaETAUITests */,
			);
		};
/* End PBXProject section */

/* Begin PBXResourcesBuildPhase section */
		9627FDCF2E61FBCF006E0431 /* Resources */ = {
			isa = PBXResourcesBuildPhase;
			buildActionMask = 2147483647;
			files = (
			);
			runOnlyForDeploymentPostprocessing = 0;
		};
		9627FDDC2E61FBD0006E0431 /* Resources */ = {
			isa = PBXResourcesBuildPhase;
			buildActionMask = 2147483647;
			files = (
			);
			runOnlyForDeploymentPostprocessing = 0;
		};
		9627FDE62E61FBD0006E0431 /* Resources */ = {
			isa = PBXResourcesBuildPhase;
			buildActionMask = 2147483647;
			files = (
			);
			runOnlyForDeploymentPostprocessing = 0;
		};
/* End PBXResourcesBuildPhase section */

/* Begin PBXSourcesBuildPhase section */
		9627FDCD2E61FBCF006E0431 /* Sources */ = {
			isa = PBXSourcesBuildPhase;
			buildActionMask = 2147483647;
			files = (
			);
			runOnlyForDeploymentPostprocessing = 0;
		};
		9627FDDA2E61FBD0006E0431 /* Sources */ = {
			isa = PBXSourcesBuildPhase;
			buildActionMask = 2147483647;
			files = (
			);
			runOnlyForDeploymentPostprocessing = 0;
		};
		9627FDE42E61FBD0006E0431 /* Sources */ = {
			isa = PBXSourcesBuildPhase;
			buildActionMask = 2147483647;
			files = (
			);
			runOnlyForDeploymentPostprocessing = 0;
		};
/* End PBXSourcesBuildPhase section */

/* Begin PBXTargetDependency section */
		9627FDE02E61FBD0006E0431 /* PBXTargetDependency */ = {
			isa = PBXTargetDependency;
			target = 9627FDD02E61FBCF006E0431 /* OptimaETA */;
			targetProxy = 9627FDDF2E61FBD0006E0431 /* PBXContainerItemProxy */;
		};
		9627FDEA2E61FBD0006E0431 /* PBXTargetDependency */ = {
			isa = PBXTargetDependency;
			target = 9627FDD02E61FBCF006E0431 /* OptimaETA */;
			targetProxy = 9627FDE92E61FBD0006E0431 /* PBXContainerItemProxy */;
		};
/* End PBXTargetDependency section */

/* Begin XCBuildConfiguration section */
		9627FDF02E61FBD0006E0431 /* Debug */ = {
			isa = XCBuildConfiguration;
			buildSettings = {
				ALWAYS_SEARCH_USER_PATHS = NO;
				ASSETCATALOG_COMPILER_GENERATE_SWIFT_ASSET_SYMBOL_EXTENSIONS = YES;
				CLANG_ANALYZER_NONNULL = YES;
				CLANG_ANALYZER_NUMBER_OBJECT_CONVERSION = YES_AGGRESSIVE;
				CLANG_CXX_LANGUAGE_STANDARD = "gnu++20";
				CLANG_ENABLE_MODULES = YES;
				CLANG_ENABLE_OBJC_ARC = YES;
				CLANG_ENABLE_OBJC_WEAK = YES;
				CLANG_WARN_BLOCK_CAPTURE_AUTORELEASING = YES;
				CLANG_WARN_BOOL_CONVERSION = YES;
				CLANG_WARN_COMMA = YES;
				CLANG_WARN_CONSTANT_CONVERSION = YES;
				CLANG_WARN_DEPRECATED_OBJC_IMPLEMENTATIONS = YES;
				CLANG_WARN_DIRECT_OBJC_ISA_USAGE = YES_ERROR;
				CLANG_WARN_DOCUMENTATION_COMMENTS = YES;
				CLANG_WARN_EMPTY_BODY = YES;
				CLANG_WARN_ENUM_CONVERSION = YES;
				CLANG_WARN_INFINITE_RECURSION = YES;
				CLANG_WARN_INT_CONVERSION = YES;
				CLANG_WARN_NON_LITERAL_NULL_CONVERSION = YES;
				CLANG_WARN_OBJC_IMPLICIT_RETAIN_SELF = YES;
				CLANG_WARN_OBJC_LITERAL_CONVERSION = YES;
				CLANG_WARN_OBJC_ROOT_CLASS = YES_ERROR;
				CLANG_WARN_QUOTED_INCLUDE_IN_FRAMEWORK_HEADER = YES;
				CLANG_WARN_RANGE_LOOP_ANALYSIS = YES;
				CLANG_WARN_STRICT_PROTOTYPES = YES;
				CLANG_WARN_SUSPICIOUS_MOVE = YES;
				CLANG_WARN_UNGUARDED_AVAILABILITY = YES_AGGRESSIVE;
				CLANG_WARN_UNREACHABLE_CODE = YES;
				CLANG_WARN__DUPLICATE_METHOD_MATCH = YES;
				COPY_PHASE_STRIP = NO;
				DEBUG_INFORMATION_FORMAT = dwarf;
				DEVELOPMENT_TEAM = 738U5S74SN;
				ENABLE_STRICT_OBJC_MSGSEND = YES;
				ENABLE_TESTABILITY = YES;
				ENABLE_USER_SCRIPT_SANDBOXING = YES;
				GCC_C_LANGUAGE_STANDARD = gnu17;
				GCC_DYNAMIC_NO_PIC = NO;
				GCC_NO_COMMON_BLOCKS = YES;
				GCC_OPTIMIZATION_LEVEL = 0;
				GCC_PREPROCESSOR_DEFINITIONS = (
					"DEBUG=1",
					"$(inherited)",
				);
				GCC_WARN_64_TO_32_BIT_CONVERSION = YES;
				GCC_WARN_ABOUT_RETURN_TYPE = YES_ERROR;
				GCC_WARN_UNDECLARED_SELECTOR = YES;
				GCC_WARN_UNINITIALIZED_AUTOS = YES_AGGRESSIVE;
				GCC_WARN_UNUSED_FUNCTION = YES;
				GCC_WARN_UNUSED_VARIABLE = YES;
				IPHONEOS_DEPLOYMENT_TARGET = 18.5;
				LOCALIZATION_PREFERS_STRING_CATALOGS = YES;
				MTL_ENABLE_DEBUG_INFO = INCLUDE_SOURCE;
				MTL_FAST_MATH = YES;
				ONLY_ACTIVE_ARCH = YES;
				SDKROOT = iphoneos;
				SWIFT_ACTIVE_COMPILATION_CONDITIONS = "DEBUG $(inherited)";
				SWIFT_OPTIMIZATION_LEVEL = "-Onone";
			};
			name = Debug;
		};
		9627FDF12E61FBD0006E0431 /* Release */ = {
			isa = XCBuildConfiguration;
			buildSettings = {
				ALWAYS_SEARCH_USER_PATHS = NO;
				ASSETCATALOG_COMPILER_GENERATE_SWIFT_ASSET_SYMBOL_EXTENSIONS = YES;
				CLANG_ANALYZER_NONNULL = YES;
				CLANG_ANALYZER_NUMBER_OBJECT_CONVERSION = YES_AGGRESSIVE;
				CLANG_CXX_LANGUAGE_STANDARD = "gnu++20";
				CLANG_ENABLE_MODULES = YES;
				CLANG_ENABLE_OBJC_ARC = YES;
				CLANG_ENABLE_OBJC_WEAK = YES;
				CLANG_WARN_BLOCK_CAPTURE_AUTORELEASING = YES;
				CLANG_WARN_BOOL_CONVERSION = YES;
				CLANG_WARN_COMMA = YES;
				CLANG_WARN_CONSTANT_CONVERSION = YES;
				CLANG_WARN_DEPRECATED_OBJC_IMPLEMENTATIONS = YES;
				CLANG_WARN_DIRECT_OBJC_ISA_USAGE = YES_ERROR;
				CLANG_WARN_DOCUMENTATION_COMMENTS = YES;
				CLANG_WARN_EMPTY_BODY = YES;
				CLANG_WARN_ENUM_CONVERSION = YES;
				CLANG_WARN_INFINITE_RECURSION = YES;
				CLANG_WARN_INT_CONVERSION = YES;
				CLANG_WARN_NON_LITERAL_NULL_CONVERSION = YES;
				CLANG_WARN_OBJC_IMPLICIT_RETAIN_SELF = YES;
				CLANG_WARN_OBJC_LITERAL_CONVERSION = YES;
				CLANG_WARN_OBJC_ROOT_CLASS = YES_ERROR;
				CLANG_WARN_QUOTED_INCLUDE_IN_FRAMEWORK_HEADER = YES;
				CLANG_WARN_RANGE_LOOP_ANALYSIS = YES;
				CLANG_WARN_STRICT_PROTOTYPES = YES;
				CLANG_WARN_SUSPICIOUS_MOVE = YES;
				CLANG_WARN_UNGUARDED_AVAILABILITY = YES_AGGRESSIVE;
				CLANG_WARN_UNREACHABLE_CODE = YES;
				CLANG_WARN__DUPLICATE_METHOD_MATCH = YES;
				COPY_PHASE_STRIP = NO;
				DEBUG_INFORMATION_FORMAT = "dwarf-with-dsym";
				DEVELOPMENT_TEAM = 738U5S74SN;
				ENABLE_NS_ASSERTIONS = NO;
				ENABLE_STRICT_OBJC_MSGSEND = YES;
				ENABLE_USER_SCRIPT_SANDBOXING = YES;
				GCC_C_LANGUAGE_STANDARD = gnu17;
				GCC_NO_COMMON_BLOCKS = YES;
				GCC_WARN_64_TO_32_BIT_CONVERSION = YES;
				GCC_WARN_ABOUT_RETURN_TYPE = YES_ERROR;
				GCC_WARN_UNDECLARED_SELECTOR = YES;
				GCC_WARN_UNINITIALIZED_AUTOS = YES_AGGRESSIVE;
				GCC_WARN_UNUSED_FUNCTION = YES;
				GCC_WARN_UNUSED_VARIABLE = YES;
				IPHONEOS_DEPLOYMENT_TARGET = 18.5;
				LOCALIZATION_PREFERS_STRING_CATALOGS = YES;
				MTL_ENABLE_DEBUG_INFO = NO;
				MTL_FAST_MATH = YES;
				SDKROOT = iphoneos;
				SWIFT_COMPILATION_MODE = wholemodule;
				VALIDATE_PRODUCT = YES;
			};
			name = Release;
		};
		9627FDF32E61FBD0006E0431 /* Debug */ = {
			isa = XCBuildConfiguration;
			buildSettings = {
				ASSETCATALOG_COMPILER_APPICON_NAME = AppIcon;
				ASSETCATALOG_COMPILER_GLOBAL_ACCENT_COLOR_NAME = AccentColor;
				CODE_SIGN_STYLE = Automatic;
				CURRENT_PROJECT_VERSION = 1;
				DEVELOPMENT_TEAM = 738U5S74SN;
				ENABLE_PREVIEWS = YES;
				GENERATE_INFOPLIST_FILE = YES;
				INFOPLIST_KEY_NSLocationWhenInUseUsageDescription = "While the app is running, it will use your location to show directions, and to compare routes and ETAs";
				INFOPLIST_KEY_UIApplicationSceneManifest_Generation = YES;
				INFOPLIST_KEY_UIApplicationSupportsIndirectInputEvents = YES;
				INFOPLIST_KEY_UILaunchScreen_Generation = YES;
				INFOPLIST_KEY_UISupportedInterfaceOrientations_iPad = "UIInterfaceOrientationPortrait UIInterfaceOrientationPortraitUpsideDown UIInterfaceOrientationLandscapeLeft UIInterfaceOrientationLandscapeRight";
				INFOPLIST_KEY_UISupportedInterfaceOrientations_iPhone = "UIInterfaceOrientationPortrait UIInterfaceOrientationLandscapeLeft UIInterfaceOrientationLandscapeRight";
				LD_RUNPATH_SEARCH_PATHS = (
					"$(inherited)",
					"@executable_path/Frameworks",
				);
				MARKETING_VERSION = 1.0;
				PRODUCT_BUNDLE_IDENTIFIER = br.com.simplydone.OptimaETA;
				PRODUCT_NAME = "$(TARGET_NAME)";
				SWIFT_EMIT_LOC_STRINGS = YES;
				SWIFT_VERSION = 5.0;
				TARGETED_DEVICE_FAMILY = "1,2";
			};
			name = Debug;
		};
		9627FDF42E61FBD0006E0431 /* Release */ = {
			isa = XCBuildConfiguration;
			buildSettings = {
				ASSETCATALOG_COMPILER_APPICON_NAME = AppIcon;
				ASSETCATALOG_COMPILER_GLOBAL_ACCENT_COLOR_NAME = AccentColor;
				CODE_SIGN_STYLE = Automatic;
				CURRENT_PROJECT_VERSION = 1;
				DEVELOPMENT_TEAM = 738U5S74SN;
				ENABLE_PREVIEWS = YES;
				GENERATE_INFOPLIST_FILE = YES;
				INFOPLIST_KEY_NSLocationWhenInUseUsageDescription = "While the app is running, it will use your location to show directions, and to compare routes and ETAs";
				INFOPLIST_KEY_UIApplicationSceneManifest_Generation = YES;
				INFOPLIST_KEY_UIApplicationSupportsIndirectInputEvents = YES;
				INFOPLIST_KEY_UILaunchScreen_Generation = YES;
				INFOPLIST_KEY_UISupportedInterfaceOrientations_iPad = "UIInterfaceOrientationPortrait UIInterfaceOrientationPortraitUpsideDown UIInterfaceOrientationLandscapeLeft UIInterfaceOrientationLandscapeRight";
				INFOPLIST_KEY_UISupportedInterfaceOrientations_iPhone = "UIInterfaceOrientationPortrait UIInterfaceOrientationLandscapeLeft UIInterfaceOrientationLandscapeRight";
				LD_RUNPATH_SEARCH_PATHS = (
					"$(inherited)",
					"@executable_path/Frameworks",
				);
				MARKETING_VERSION = 1.0;
				PRODUCT_BUNDLE_IDENTIFIER = br.com.simplydone.OptimaETA;
				PRODUCT_NAME = "$(TARGET_NAME)";
				SWIFT_EMIT_LOC_STRINGS = YES;
				SWIFT_VERSION = 5.0;
				TARGETED_DEVICE_FAMILY = "1,2";
			};
			name = Release;
		};
		9627FDF62E61FBD0006E0431 /* Debug */ = {
			isa = XCBuildConfiguration;
			buildSettings = {
				BUNDLE_LOADER = "$(TEST_HOST)";
				CODE_SIGN_STYLE = Automatic;
				CURRENT_PROJECT_VERSION = 1;
				DEVELOPMENT_TEAM = 738U5S74SN;
				GENERATE_INFOPLIST_FILE = YES;
				IPHONEOS_DEPLOYMENT_TARGET = 18.5;
				MARKETING_VERSION = 1.0;
				PRODUCT_BUNDLE_IDENTIFIER = br.com.simplydone.OptimaETATests;
				PRODUCT_NAME = "$(TARGET_NAME)";
				SWIFT_EMIT_LOC_STRINGS = NO;
				SWIFT_VERSION = 5.0;
				TARGETED_DEVICE_FAMILY = "1,2";
				TEST_HOST = "$(BUILT_PRODUCTS_DIR)/OptimaETA.app/$(BUNDLE_EXECUTABLE_FOLDER_PATH)/OptimaETA";
			};
			name = Debug;
		};
		9627FDF72E61FBD0006E0431 /* Release */ = {
			isa = XCBuildConfiguration;
			buildSettings = {
				BUNDLE_LOADER = "$(TEST_HOST)";
				CODE_SIGN_STYLE = Automatic;
				CURRENT_PROJECT_VERSION = 1;
				DEVELOPMENT_TEAM = 738U5S74SN;
				GENERATE_INFOPLIST_FILE = YES;
				IPHONEOS_DEPLOYMENT_TARGET = 18.5;
				MARKETING_VERSION = 1.0;
				PRODUCT_BUNDLE_IDENTIFIER = br.com.simplydone.OptimaETATests;
				PRODUCT_NAME = "$(TARGET_NAME)";
				SWIFT_EMIT_LOC_STRINGS = NO;
				SWIFT_VERSION = 5.0;
				TARGETED_DEVICE_FAMILY = "1,2";
				TEST_HOST = "$(BUILT_PRODUCTS_DIR)/OptimaETA.app/$(BUNDLE_EXECUTABLE_FOLDER_PATH)/OptimaETA";
			};
			name = Release;
		};
		9627FDF92E61FBD0006E0431 /* Debug */ = {
			isa = XCBuildConfiguration;
			buildSettings = {
				CODE_SIGN_STYLE = Automatic;
				CURRENT_PROJECT_VERSION = 1;
				DEVELOPMENT_TEAM = 738U5S74SN;
				GENERATE_INFOPLIST_FILE = YES;
				MARKETING_VERSION = 1.0;
				PRODUCT_BUNDLE_IDENTIFIER = br.com.simplydone.OptimaETAUITests;
				PRODUCT_NAME = "$(TARGET_NAME)";
				SWIFT_EMIT_LOC_STRINGS = NO;
				SWIFT_VERSION = 5.0;
				TARGETED_DEVICE_FAMILY = "1,2";
				TEST_TARGET_NAME = OptimaETA;
			};
			name = Debug;
		};
		9627FDFA2E61FBD0006E0431 /* Release */ = {
			isa = XCBuildConfiguration;
			buildSettings = {
				CODE_SIGN_STYLE = Automatic;
				CURRENT_PROJECT_VERSION = 1;
				DEVELOPMENT_TEAM = 738U5S74SN;
				GENERATE_INFOPLIST_FILE = YES;
				MARKETING_VERSION = 1.0;
				PRODUCT_BUNDLE_IDENTIFIER = br.com.simplydone.OptimaETAUITests;
				PRODUCT_NAME = "$(TARGET_NAME)";
				SWIFT_EMIT_LOC_STRINGS = NO;
				SWIFT_VERSION = 5.0;
				TARGETED_DEVICE_FAMILY = "1,2";
				TEST_TARGET_NAME = OptimaETA;
			};
			name = Release;
		};
/* End XCBuildConfiguration section */

/* Begin XCConfigurationList section */
		9627FDCC2E61FBCF006E0431 /* Build configuration list for PBXProject "OptimaETA" */ = {
			isa = XCConfigurationList;
			buildConfigurations = (
				9627FDF02E61FBD0006E0431 /* Debug */,
				9627FDF12E61FBD0006E0431 /* Release */,
			);
			defaultConfigurationIsVisible = 0;
			defaultConfigurationName = Release;
		};
		9627FDF22E61FBD0006E0431 /* Build configuration list for PBXNativeTarget "OptimaETA" */ = {
			isa = XCConfigurationList;
			buildConfigurations = (
				9627FDF32E61FBD0006E0431 /* Debug */,
				9627FDF42E61FBD0006E0431 /* Release */,
			);
			defaultConfigurationIsVisible = 0;
			defaultConfigurationName = Release;
		};
		9627FDF52E61FBD0006E0431 /* Build configuration list for PBXNativeTarget "OptimaETATests" */ = {
			isa = XCConfigurationList;
			buildConfigurations = (
				9627FDF62E61FBD0006E0431 /* Debug */,
				9627FDF72E61FBD0006E0431 /* Release */,
			);
			defaultConfigurationIsVisible = 0;
			defaultConfigurationName = Release;
		};
		9627FDF82E61FBD0006E0431 /* Build configuration list for PBXNativeTarget "OptimaETAUITests" */ = {
			isa = XCConfigurationList;
			buildConfigurations = (
				9627FDF92E61FBD0006E0431 /* Debug */,
				9627FDFA2E61FBD0006E0431 /* Release */,
			);
			defaultConfigurationIsVisible = 0;
			defaultConfigurationName = Release;
		};
/* End XCConfigurationList section */
	};
	rootObject = 9627FDC92E61FBCF006E0431 /* Project object */;
}
